
Microsoft Visual Studio Solution File, Format Version 12.00
# Visual Studio Version 17
VisualStudioVersion = 17.5.33530.505
MinimumVisualStudioVersion = 10.0.40219.1
Project("{FAE04EC0-301F-11D3-BF4B-00C04F79EFBC}") = "AdminPortalApi", "AdminPortalApi\AdminPortalApi.csproj", "{0E69BBB6-4E54-4E23-B71E-6F6D121D6305}"
EndProject
Global
	GlobalSection(SolutionConfigurationPlatforms) = preSolution
		Debug|Any CPU = Debug|Any CPU
		Release|Any CPU = Release|Any CPU
	EndGlobalSection
	GlobalSection(ProjectConfigurationPlatforms) = postSolution
		{0E69BBB6-4E54-4E23-B71E-6F6D121D6305}.Debug|Any CPU.ActiveCfg = Debug|Any CPU
		{0E69BBB6-4E54-4E23-B71E-6F6D121D6305}.Debug|Any CPU.Build.0 = Debug|Any CPU
		{0E69BBB6-4E54-4E23-B71E-6F6D121D6305}.Release|Any CPU.ActiveCfg = Release|Any CPU
		{0E69BBB6-4E54-4E23-B71E-6F6D121D6305}.Release|Any CPU.Build.0 = Release|Any CPU
	EndGlobalSection
	GlobalSection(SolutionProperties) = preSolution
		HideSolutionNode = FALSE
	EndGlobalSection
	GlobalSection(ExtensibilityGlobals) = postSolution
		SolutionGuid = {D2BBFBFE-A1DB-4905-8FCD-99A2EDA4BD0F}
	EndGlobalSection
EndGlobal
